
Microsoft Visual Studio Solution File, Format Version 12.00
# Visual Studio Version 16
VisualStudioVersion = 16.0.31613.86
MinimumVisualStudioVersion = 10.0.40219.1
Project("{FAE04EC0-301F-11D3-BF4B-00C04F79EFBC}") = "Books-Api", "Books-Api\Books-Api.csproj", "{6E1D2972-4D3A-49A9-8E38-3D538892C977}"
EndProject
Global
	GlobalSection(SolutionConfigurationPlatforms) = preSolution
		Debug|Any CPU = Debug|Any CPU
		Release|Any CPU = Release|Any CPU
	EndGlobalSection
	GlobalSection(ProjectConfigurationPlatforms) = postSolution
		{6E1D2972-4D3A-49A9-8E38-3D538892C977}.Debug|Any CPU.ActiveCfg = Debug|Any CPU
		{6E1D2972-4D3A-49A9-8E38-3D538892C977}.Debug|Any CPU.Build.0 = Debug|Any CPU
		{6E1D2972-4D3A-49A9-8E38-3D538892C977}.Release|Any CPU.ActiveCfg = Release|Any CPU
		{6E1D2972-4D3A-49A9-8E38-3D538892C977}.Release|Any CPU.Build.0 = Release|Any CPU
	EndGlobalSection
	GlobalSection(SolutionProperties) = preSolution
		HideSolutionNode = FALSE
	EndGlobalSection
	GlobalSection(ExtensibilityGlobals) = postSolution
		SolutionGuid = {78FFE5B9-47F0-4FBF-9C61-D34B2CEFD1FE}
	EndGlobalSection
EndGlobal
